
Microsoft Visual Studio Solution File, Format Version 12.00
# Visual Studio 15
VisualStudioVersion = 15.0.28307.645
MinimumVisualStudioVersion = 10.0.40219.1
Project("{FAE04EC0-301F-11D3-BF4B-00C04F79EFBC}") = "LabelTutorial.Android", "LabelTutorial\LabelTutorial.Android\LabelTutorial.Android.csproj", "{04CD3931-BCD2-4CE8-970B-680E8557ED6E}"
EndProject
Project("{FAE04EC0-301F-11D3-BF4B-00C04F79EFBC}") = "LabelTutorial.iOS", "LabelTutorial\LabelTutorial.iOS\LabelTutorial.iOS.csproj", "{CA8E1A0C-2435-4101-9252-A770C229DD35}"
EndProject
Project("{FAE04EC0-301F-11D3-BF4B-00C04F79EFBC}") = "LabelTutorial.UWP", "LabelTutorial\LabelTutorial.UWP\LabelTutorial.UWP.csproj", "{46574935-C9AE-45A1-AB27-5FE57D3EAE1A}"
EndProject
Project("{FAE04EC0-301F-11D3-BF4B-00C04F79EFBC}") = "LabelTutorial", "LabelTutorial\LabelTutorial\LabelTutorial.csproj", "{FA4998C2-E7C8-4EA1-A625-B0C65EFB2524}"
EndProject
Global
	GlobalSection(SolutionConfigurationPlatforms) = preSolution
		Ad-Hoc|Any CPU = Ad-Hoc|Any CPU
		Ad-Hoc|ARM = Ad-Hoc|ARM
		Ad-Hoc|iPhone = Ad-Hoc|iPhone
		Ad-Hoc|iPhoneSimulator = Ad-Hoc|iPhoneSimulator
		Ad-Hoc|x64 = Ad-Hoc|x64
		Ad-Hoc|x86 = Ad-Hoc|x86
		AppStore|Any CPU = AppStore|Any CPU
		AppStore|ARM = AppStore|ARM
		AppStore|iPhone = AppStore|iPhone
		AppStore|iPhoneSimulator = AppStore|iPhoneSimulator
		AppStore|x64 = AppStore|x64
		AppStore|x86 = AppStore|x86
		Debug|Any CPU = Debug|Any CPU
		Debug|ARM = Debug|ARM
		Debug|iPhone = Debug|iPhone
		Debug|iPhoneSimulator = Debug|iPhoneSimulator
		Debug|x64 = Debug|x64
		Debug|x86 = Debug|x86
		Release|Any CPU = Release|Any CPU
		Release|ARM = Release|ARM
		Release|iPhone = Release|iPhone
		Release|iPhoneSimulator = Release|iPhoneSimulator
		Release|x64 = Release|x64
		Release|x86 = Release|x86
	EndGlobalSection
	GlobalSection(ProjectConfigurationPlatforms) = postSolution
		{04CD3931-BCD2-4CE8-970B-680E8557ED6E}.Ad-Hoc|Any CPU.ActiveCfg = Release|Any CPU
		{04CD3931-BCD2-4CE8-970B-680E8557ED6E}.Ad-Hoc|Any CPU.Build.0 = Release|Any CPU
		{04CD3931-BCD2-4CE8-970B-680E8557ED6E}.Ad-Hoc|Any CPU.Deploy.0 = Release|Any CPU
		{04CD3931-BCD2-4CE8-970B-680E8557ED6E}.Ad-Hoc|ARM.ActiveCfg = Release|Any CPU
		{04CD3931-BCD2-4CE8-970B-680E8557ED6E}.Ad-Hoc|ARM.Build.0 = Release|Any CPU
		{04CD3931-BCD2-4CE8-970B-680E8557ED6E}.Ad-Hoc|ARM.Deploy.0 = Release|Any CPU
		{04CD3931-BCD2-4CE8-970B-680E8557ED6E}.Ad-Hoc|iPhone.ActiveCfg = Release|Any CPU
		{04CD3931-BCD2-4CE8-970B-680E8557ED6E}.Ad-Hoc|iPhone.Build.0 = Release|Any CPU
		{04CD3931-BCD2-4CE8-970B-680E8557ED6E}.Ad-Hoc|iPhone.Deploy.0 = Release|Any CPU
		{04CD3931-BCD2-4CE8-970B-680E8557ED6E}.Ad-Hoc|iPhoneSimulator.ActiveCfg = Release|Any CPU
		{04CD3931-BCD2-4CE8-970B-680E8557ED6E}.Ad-Hoc|iPhoneSimulator.Build.0 = Release|Any CPU
		{04CD3931-BCD2-4CE8-970B-680E8557ED6E}.Ad-Hoc|iPhoneSimulator.Deploy.0 = Release|Any CPU
		{04CD3931-BCD2-4CE8-970B-680E8557ED6E}.Ad-Hoc|x64.ActiveCfg = Release|Any CPU
		{04CD3931-BCD2-4CE8-970B-680E8557ED6E}.Ad-Hoc|x64.Build.0 = Release|Any CPU
		{04CD3931-BCD2-4CE8-970B-680E8557ED6E}.Ad-Hoc|x64.Deploy.0 = Release|Any CPU
		{04CD3931-BCD2-4CE8-970B-680E8557ED6E}.Ad-Hoc|x86.ActiveCfg = Release|Any CPU
		{04CD3931-BCD2-4CE8-970B-680E8557ED6E}.Ad-Hoc|x86.Build.0 = Release|Any CPU
		{04CD3931-BCD2-4CE8-970B-680E8557ED6E}.Ad-Hoc|x86.Deploy.0 = Release|Any CPU
		{04CD3931-BCD2-4CE8-970B-680E8557ED6E}.AppStore|Any CPU.ActiveCfg = Release|Any CPU
		{04CD3931-BCD2-4CE8-970B-680E8557ED6E}.AppStore|Any CPU.Build.0 = Release|Any CPU
		{04CD3931-BCD2-4CE8-970B-680E8557ED6E}.AppStore|Any CPU.Deploy.0 = Release|Any CPU
		{04CD3931-BCD2-4CE8-970B-680E8557ED6E}.AppStore|ARM.ActiveCfg = Release|Any CPU
		{04CD3931-BCD2-4CE8-970B-680E8557ED6E}.AppStore|ARM.Build.0 = Release|Any CPU
		{04CD3931-BCD2-4CE8-970B-680E8557ED6E}.AppStore|ARM.Deploy.0 = Release|Any CPU
		{04CD3931-BCD2-4CE8-970B-680E8557ED6E}.AppStore|iPhone.ActiveCfg = Release|Any CPU
		{04CD3931-BCD2-4CE8-970B-680E8557ED6E}.AppStore|iPhone.Build.0 = Release|Any CPU
		{04CD3931-BCD2-4CE8-970B-680E8557ED6E}.AppStore|iPhone.Deploy.0 = Release|Any CPU
		{04CD3931-BCD2-4CE8-970B-680E8557ED6E}.AppStore|iPhoneSimulator.ActiveCfg = Release|Any CPU
		{04CD3931-BCD2-4CE8-970B-680E8557ED6E}.AppStore|iPhoneSimulator.Build.0 = Release|Any CPU
		{04CD3931-BCD2-4CE8-970B-680E8557ED6E}.AppStore|iPhoneSimulator.Deploy.0 = Release|Any CPU
		{04CD3931-BCD2-4CE8-970B-680E8557ED6E}.AppStore|x64.ActiveCfg = Release|Any CPU
		{04CD3931-BCD2-4CE8-970B-680E8557ED6E}.AppStore|x64.Build.0 = Release|Any CPU
		{04CD3931-BCD2-4CE8-970B-680E8557ED6E}.AppStore|x64.Deploy.0 = Release|Any CPU
		{04CD3931-BCD2-4CE8-970B-680E8557ED6E}.AppStore|x86.ActiveCfg = Release|Any CPU
		{04CD3931-BCD2-4CE8-970B-680E8557ED6E}.AppStore|x86.Build.0 = Release|Any CPU
		{04CD3931-BCD2-4CE8-970B-680E8557ED6E}.AppStore|x86.Deploy.0 = Release|Any CPU
		{04CD3931-BCD2-4CE8-970B-680E8557ED6E}.Debug|Any CPU.ActiveCfg = Debug|Any CPU
		{04CD3931-BCD2-4CE8-970B-680E8557ED6E}.Debug|Any CPU.Build.0 = Debug|Any CPU
		{04CD3931-BCD2-4CE8-970B-680E8557ED6E}.Debug|Any CPU.Deploy.0 = Debug|Any CPU
		{04CD3931-BCD2-4CE8-970B-680E8557ED6E}.Debug|ARM.ActiveCfg = Debug|Any CPU
		{04CD3931-BCD2-4CE8-970B-680E8557ED6E}.Debug|ARM.Build.0 = Debug|Any CPU
		{04CD3931-BCD2-4CE8-970B-680E8557ED6E}.Debug|ARM.Deploy.0 = Debug|Any CPU
		{04CD3931-BCD2-4CE8-970B-680E8557ED6E}.Debug|iPhone.ActiveCfg = Debug|Any CPU
		{04CD3931-BCD2-4CE8-970B-680E8557ED6E}.Debug|iPhone.Build.0 = Debug|Any CPU
		{04CD3931-BCD2-4CE8-970B-680E8557ED6E}.Debug|iPhone.Deploy.0 = Debug|Any CPU
		{04CD3931-BCD2-4CE8-970B-680E8557ED6E}.Debug|iPhoneSimulator.ActiveCfg = Debug|Any CPU
		{04CD3931-BCD2-4CE8-970B-680E8557ED6E}.Debug|iPhoneSimulator.Build.0 = Debug|Any CPU
		{04CD3931-BCD2-4CE8-970B-680E8557ED6E}.Debug|iPhoneSimulator.Deploy.0 = Debug|Any CPU
		{04CD3931-BCD2-4CE8-970B-680E8557ED6E}.Debug|x64.ActiveCfg = Debug|Any CPU
		{04CD3931-BCD2-4CE8-970B-680E8557ED6E}.Debug|x64.Build.0 = Debug|Any CPU
		{04CD3931-BCD2-4CE8-970B-680E8557ED6E}.Debug|x64.Deploy.0 = Debug|Any CPU
		{04CD3931-BCD2-4CE8-970B-680E8557ED6E}.Debug|x86.ActiveCfg = Debug|Any CPU
		{04CD3931-BCD2-4CE8-970B-680E8557ED6E}.Debug|x86.Build.0 = Debug|Any CPU
		{04CD3931-BCD2-4CE8-970B-680E8557ED6E}.Debug|x86.Deploy.0 = Debug|Any CPU
		{04CD3931-BCD2-4CE8-970B-680E8557ED6E}.Release|Any CPU.ActiveCfg = Release|Any CPU
		{04CD3931-BCD2-4CE8-970B-680E8557ED6E}.Release|Any CPU.Build.0 = Release|Any CPU
		{04CD3931-BCD2-4CE8-970B-680E8557ED6E}.Release|Any CPU.Deploy.0 = Release|Any CPU
		{04CD3931-BCD2-4CE8-970B-680E8557ED6E}.Release|ARM.ActiveCfg = Release|Any CPU
		{04CD3931-BCD2-4CE8-970B-680E8557ED6E}.Release|ARM.Build.0 = Release|Any CPU
		{04CD3931-BCD2-4CE8-970B-680E8557ED6E}.Release|ARM.Deploy.0 = Release|Any CPU
		{04CD3931-BCD2-4CE8-970B-680E8557ED6E}.Release|iPhone.ActiveCfg = Release|Any CPU
		{04CD3931-BCD2-4CE8-970B-680E8557ED6E}.Release|iPhone.Build.0 = Release|Any CPU
		{04CD3931-BCD2-4CE8-970B-680E8557ED6E}.Release|iPhone.Deploy.0 = Release|Any CPU
		{04CD3931-BCD2-4CE8-970B-680E8557ED6E}.Release|iPhoneSimulator.ActiveCfg = Release|Any CPU
		{04CD3931-BCD2-4CE8-970B-680E8557ED6E}.Release|iPhoneSimulator.Build.0 = Release|Any CPU
		{04CD3931-BCD2-4CE8-970B-680E8557ED6E}.Release|iPhoneSimulator.Deploy.0 = Release|Any CPU
		{04CD3931-BCD2-4CE8-970B-680E8557ED6E}.Release|x64.ActiveCfg = Release|Any CPU
		{04CD3931-BCD2-4CE8-970B-680E8557ED6E}.Release|x64.Build.0 = Release|Any CPU
		{04CD3931-BCD2-4CE8-970B-680E8557ED6E}.Release|x64.Deploy.0 = Release|Any CPU
		{04CD3931-BCD2-4CE8-970B-680E8557ED6E}.Release|x86.ActiveCfg = Release|Any CPU
		{04CD3931-BCD2-4CE8-970B-680E8557ED6E}.Release|x86.Build.0 = Release|Any CPU
		{04CD3931-BCD2-4CE8-970B-680E8557ED6E}.Release|x86.Deploy.0 = Release|Any CPU
		{CA8E1A0C-2435-4101-9252-A770C229DD35}.Ad-Hoc|Any CPU.ActiveCfg = Ad-Hoc|iPhone
		{CA8E1A0C-2435-4101-9252-A770C229DD35}.Ad-Hoc|Any CPU.Build.0 = Ad-Hoc|iPhone
		{CA8E1A0C-2435-4101-9252-A770C229DD35}.Ad-Hoc|Any CPU.Deploy.0 = Ad-Hoc|iPhone
		{CA8E1A0C-2435-4101-9252-A770C229DD35}.Ad-Hoc|ARM.ActiveCfg = Ad-Hoc|iPhone
		{CA8E1A0C-2435-4101-9252-A770C229DD35}.Ad-Hoc|ARM.Build.0 = Ad-Hoc|iPhone
		{CA8E1A0C-2435-4101-9252-A770C229DD35}.Ad-Hoc|ARM.Deploy.0 = Ad-Hoc|iPhone
		{CA8E1A0C-2435-4101-9252-A770C229DD35}.Ad-Hoc|iPhone.ActiveCfg = Ad-Hoc|iPhone
		{CA8E1A0C-2435-4101-9252-A770C229DD35}.Ad-Hoc|iPhone.Build.0 = Ad-Hoc|iPhone
		{CA8E1A0C-2435-4101-9252-A770C229DD35}.Ad-Hoc|iPhone.Deploy.0 = Ad-Hoc|iPhone
		{CA8E1A0C-2435-4101-9252-A770C229DD35}.Ad-Hoc|iPhoneSimulator.ActiveCfg = Ad-Hoc|iPhoneSimulator
		{CA8E1A0C-2435-4101-9252-A770C229DD35}.Ad-Hoc|iPhoneSimulator.Build.0 = Ad-Hoc|iPhoneSimulator
		{CA8E1A0C-2435-4101-9252-A770C229DD35}.Ad-Hoc|iPhoneSimulator.Deploy.0 = Ad-Hoc|iPhoneSimulator
		{CA8E1A0C-2435-4101-9252-A770C229DD35}.Ad-Hoc|x64.ActiveCfg = Ad-Hoc|iPhone
		{CA8E1A0C-2435-4101-9252-A770C229DD35}.Ad-Hoc|x64.Build.0 = Ad-Hoc|iPhone
		{CA8E1A0C-2435-4101-9252-A770C229DD35}.Ad-Hoc|x64.Deploy.0 = Ad-Hoc|iPhone
		{CA8E1A0C-2435-4101-9252-A770C229DD35}.Ad-Hoc|x86.ActiveCfg = Ad-Hoc|iPhone
		{CA8E1A0C-2435-4101-9252-A770C229DD35}.Ad-Hoc|x86.Build.0 = Ad-Hoc|iPhone
		{CA8E1A0C-2435-4101-9252-A770C229DD35}.Ad-Hoc|x86.Deploy.0 = Ad-Hoc|iPhone
		{CA8E1A0C-2435-4101-9252-A770C229DD35}.AppStore|Any CPU.ActiveCfg = AppStore|iPhone
		{CA8E1A0C-2435-4101-9252-A770C229DD35}.AppStore|Any CPU.Build.0 = AppStore|iPhone
		{CA8E1A0C-2435-4101-9252-A770C229DD35}.AppStore|Any CPU.Deploy.0 = AppStore|iPhone
		{CA8E1A0C-2435-4101-9252-A770C229DD35}.AppStore|ARM.ActiveCfg = AppStore|iPhone
		{CA8E1A0C-2435-4101-9252-A770C229DD35}.AppStore|ARM.Build.0 = AppStore|iPhone
		{CA8E1A0C-2435-4101-9252-A770C229DD35}.AppStore|ARM.Deploy.0 = AppStore|iPhone
		{CA8E1A0C-2435-4101-9252-A770C229DD35}.AppStore|iPhone.ActiveCfg = AppStore|iPhone
		{CA8E1A0C-2435-4101-9252-A770C229DD35}.AppStore|iPhone.Build.0 = AppStore|iPhone
		{CA8E1A0C-2435-4101-9252-A770C229DD35}.AppStore|iPhone.Deploy.0 = AppStore|iPhone
		{CA8E1A0C-2435-4101-9252-A770C229DD35}.AppStore|iPhoneSimulator.ActiveCfg = AppStore|iPhoneSimulator
		{CA8E1A0C-2435-4101-9252-A770C229DD35}.AppStore|iPhoneSimulator.Build.0 = AppStore|iPhoneSimulator
		{CA8E1A0C-2435-4101-9252-A770C229DD35}.AppStore|iPhoneSimulator.Deploy.0 = AppStore|iPhoneSimulator
		{CA8E1A0C-2435-4101-9252-A770C229DD35}.AppStore|x64.ActiveCfg = AppStore|iPhone
		{CA8E1A0C-2435-4101-9252-A770C229DD35}.AppStore|x64.Build.0 = AppStore|iPhone
		{CA8E1A0C-2435-4101-9252-A770C229DD35}.AppStore|x64.Deploy.0 = AppStore|iPhone
		{CA8E1A0C-2435-4101-9252-A770C229DD35}.AppStore|x86.ActiveCfg = AppStore|iPhone
		{CA8E1A0C-2435-4101-9252-A770C229DD35}.AppStore|x86.Build.0 = AppStore|iPhone
		{CA8E1A0C-2435-4101-9252-A770C229DD35}.AppStore|x86.Deploy.0 = AppStore|iPhone
		{CA8E1A0C-2435-4101-9252-A770C229DD35}.Debug|Any CPU.ActiveCfg = Debug|iPhoneSimulator
		{CA8E1A0C-2435-4101-9252-A770C229DD35}.Debug|Any CPU.Build.0 = Debug|iPhoneSimulator
		{CA8E1A0C-2435-4101-9252-A770C229DD35}.Debug|Any CPU.Deploy.0 = Debug|iPhoneSimulator
		{CA8E1A0C-2435-4101-9252-A770C229DD35}.Debug|ARM.ActiveCfg = Debug|iPhone
		{CA8E1A0C-2435-4101-9252-A770C229DD35}.Debug|ARM.Build.0 = Debug|iPhone
		{CA8E1A0C-2435-4101-9252-A770C229DD35}.Debug|ARM.Deploy.0 = Debug|iPhone
		{CA8E1A0C-2435-4101-9252-A770C229DD35}.Debug|iPhone.ActiveCfg = Debug|iPhone
		{CA8E1A0C-2435-4101-9252-A770C229DD35}.Debug|iPhone.Build.0 = Debug|iPhone
		{CA8E1A0C-2435-4101-9252-A770C229DD35}.Debug|iPhone.Deploy.0 = Debug|iPhone
		{CA8E1A0C-2435-4101-9252-A770C229DD35}.Debug|iPhoneSimulator.ActiveCfg = Debug|iPhoneSimulator
		{CA8E1A0C-2435-4101-9252-A770C229DD35}.Debug|iPhoneSimulator.Build.0 = Debug|iPhoneSimulator
		{CA8E1A0C-2435-4101-9252-A770C229DD35}.Debug|iPhoneSimulator.Deploy.0 = Debug|iPhoneSimulator
		{CA8E1A0C-2435-4101-9252-A770C229DD35}.Debug|x64.ActiveCfg = Debug|iPhone
		{CA8E1A0C-2435-4101-9252-A770C229DD35}.Debug|x64.Build.0 = Debug|iPhone
		{CA8E1A0C-2435-4101-9252-A770C229DD35}.Debug|x64.Deploy.0 = Debug|iPhone
		{CA8E1A0C-2435-4101-9252-A770C229DD35}.Debug|x86.ActiveCfg = Debug|iPhone
		{CA8E1A0C-2435-4101-9252-A770C229DD35}.Debug|x86.Build.0 = Debug|iPhone
		{CA8E1A0C-2435-4101-9252-A770C229DD35}.Debug|x86.Deploy.0 = Debug|iPhone
		{CA8E1A0C-2435-4101-9252-A770C229DD35}.Release|Any CPU.ActiveCfg = Release|iPhone
		{CA8E1A0C-2435-4101-9252-A770C229DD35}.Release|Any CPU.Build.0 = Release|iPhone
		{CA8E1A0C-2435-4101-9252-A770C229DD35}.Release|Any CPU.Deploy.0 = Release|iPhone
		{CA8E1A0C-2435-4101-9252-A770C229DD35}.Release|ARM.ActiveCfg = Release|iPhone
		{CA8E1A0C-2435-4101-9252-A770C229DD35}.Release|ARM.Build.0 = Release|iPhone
		{CA8E1A0C-2435-4101-9252-A770C229DD35}.Release|ARM.Deploy.0 = Release|iPhone
		{CA8E1A0C-2435-4101-9252-A770C229DD35}.Release|iPhone.ActiveCfg = Release|iPhone
		{CA8E1A0C-2435-4101-9252-A770C229DD35}.Release|iPhone.Build.0 = Release|iPhone
		{CA8E1A0C-2435-4101-9252-A770C229DD35}.Release|iPhone.Deploy.0 = Release|iPhone
		{CA8E1A0C-2435-4101-9252-A770C229DD35}.Release|iPhoneSimulator.ActiveCfg = Release|iPhoneSimulator
		{CA8E1A0C-2435-4101-9252-A770C229DD35}.Release|iPhoneSimulator.Build.0 = Release|iPhoneSimulator
		{CA8E1A0C-2435-4101-9252-A770C229DD35}.Release|iPhoneSimulator.Deploy.0 = Release|iPhoneSimulator
		{CA8E1A0C-2435-4101-9252-A770C229DD35}.Release|x64.ActiveCfg = Release|iPhone
		{CA8E1A0C-2435-4101-9252-A770C229DD35}.Release|x64.Build.0 = Release|iPhone
		{CA8E1A0C-2435-4101-9252-A770C229DD35}.Release|x64.Deploy.0 = Release|iPhone
		{CA8E1A0C-2435-4101-9252-A770C229DD35}.Release|x86.ActiveCfg = Release|iPhone
		{CA8E1A0C-2435-4101-9252-A770C229DD35}.Release|x86.Build.0 = Release|iPhone
		{CA8E1A0C-2435-4101-9252-A770C229DD35}.Release|x86.Deploy.0 = Release|iPhone
		{46574935-C9AE-45A1-AB27-5FE57D3EAE1A}.Ad-Hoc|Any CPU.ActiveCfg = Release|x86
		{46574935-C9AE-45A1-AB27-5FE57D3EAE1A}.Ad-Hoc|Any CPU.Build.0 = Release|x86
		{46574935-C9AE-45A1-AB27-5FE57D3EAE1A}.Ad-Hoc|Any CPU.Deploy.0 = Release|x86
		{46574935-C9AE-45A1-AB27-5FE57D3EAE1A}.Ad-Hoc|ARM.ActiveCfg = Release|ARM
		{46574935-C9AE-45A1-AB27-5FE57D3EAE1A}.Ad-Hoc|ARM.Build.0 = Release|ARM
		{46574935-C9AE-45A1-AB27-5FE57D3EAE1A}.Ad-Hoc|ARM.Deploy.0 = Release|ARM
		{46574935-C9AE-45A1-AB27-5FE57D3EAE1A}.Ad-Hoc|iPhone.ActiveCfg = Release|x86
		{46574935-C9AE-45A1-AB27-5FE57D3EAE1A}.Ad-Hoc|iPhone.Build.0 = Release|x86
		{46574935-C9AE-45A1-AB27-5FE57D3EAE1A}.Ad-Hoc|iPhone.Deploy.0 = Release|x86
		{46574935-C9AE-45A1-AB27-5FE57D3EAE1A}.Ad-Hoc|iPhoneSimulator.ActiveCfg = Release|x86
		{46574935-C9AE-45A1-AB27-5FE57D3EAE1A}.Ad-Hoc|iPhoneSimulator.Build.0 = Release|x86
		{46574935-C9AE-45A1-AB27-5FE57D3EAE1A}.Ad-Hoc|iPhoneSimulator.Deploy.0 = Release|x86
		{46574935-C9AE-45A1-AB27-5FE57D3EAE1A}.Ad-Hoc|x64.ActiveCfg = Release|x64
		{46574935-C9AE-45A1-AB27-5FE57D3EAE1A}.Ad-Hoc|x64.Build.0 = Release|x64
		{46574935-C9AE-45A1-AB27-5FE57D3EAE1A}.Ad-Hoc|x64.Deploy.0 = Release|x64
		{46574935-C9AE-45A1-AB27-5FE57D3EAE1A}.Ad-Hoc|x86.ActiveCfg = Release|x86
		{46574935-C9AE-45A1-AB27-5FE57D3EAE1A}.Ad-Hoc|x86.Build.0 = Release|x86
		{46574935-C9AE-45A1-AB27-5FE57D3EAE1A}.Ad-Hoc|x86.Deploy.0 = Release|x86
		{46574935-C9AE-45A1-AB27-5FE57D3EAE1A}.AppStore|Any CPU.ActiveCfg = Release|x86
		{46574935-C9AE-45A1-AB27-5FE57D3EAE1A}.AppStore|Any CPU.Build.0 = Release|x86
		{46574935-C9AE-45A1-AB27-5FE57D3EAE1A}.AppStore|Any CPU.Deploy.0 = Release|x86
		{46574935-C9AE-45A1-AB27-5FE57D3EAE1A}.AppStore|ARM.ActiveCfg = Release|ARM
		{46574935-C9AE-45A1-AB27-5FE57D3EAE1A}.AppStore|ARM.Build.0 = Release|ARM
		{46574935-C9AE-45A1-AB27-5FE57D3EAE1A}.AppStore|ARM.Deploy.0 = Release|ARM
		{46574935-C9AE-45A1-AB27-5FE57D3EAE1A}.AppStore|iPhone.ActiveCfg = Release|x86
		{46574935-C9AE-45A1-AB27-5FE57D3EAE1A}.AppStore|iPhone.Build.0 = Release|x86
		{46574935-C9AE-45A1-AB27-5FE57D3EAE1A}.AppStore|iPhone.Deploy.0 = Release|x86
		{46574935-C9AE-45A1-AB27-5FE57D3EAE1A}.AppStore|iPhoneSimulator.ActiveCfg = Release|x86
		{46574935-C9AE-45A1-AB27-5FE57D3EAE1A}.AppStore|iPhoneSimulator.Build.0 = Release|x86
		{46574935-C9AE-45A1-AB27-5FE57D3EAE1A}.AppStore|iPhoneSimulator.Deploy.0 = Release|x86
		{46574935-C9AE-45A1-AB27-5FE57D3EAE1A}.AppStore|x64.ActiveCfg = Release|x64
		{46574935-C9AE-45A1-AB27-5FE57D3EAE1A}.AppStore|x64.Build.0 = Release|x64
		{46574935-C9AE-45A1-AB27-5FE57D3EAE1A}.AppStore|x64.Deploy.0 = Release|x64
		{46574935-C9AE-45A1-AB27-5FE57D3EAE1A}.AppStore|x86.ActiveCfg = Release|x86
		{46574935-C9AE-45A1-AB27-5FE57D3EAE1A}.AppStore|x86.Build.0 = Release|x86
		{46574935-C9AE-45A1-AB27-5FE57D3EAE1A}.AppStore|x86.Deploy.0 = Release|x86
		{46574935-C9AE-45A1-AB27-5FE57D3EAE1A}.Debug|Any CPU.ActiveCfg = Debug|x86
		{46574935-C9AE-45A1-AB27-5FE57D3EAE1A}.Debug|Any CPU.Build.0 = Debug|x86
		{46574935-C9AE-45A1-AB27-5FE57D3EAE1A}.Debug|Any CPU.Deploy.0 = Debug|x86
		{46574935-C9AE-45A1-AB27-5FE57D3EAE1A}.Debug|ARM.ActiveCfg = Debug|ARM
		{46574935-C9AE-45A1-AB27-5FE57D3EAE1A}.Debug|ARM.Build.0 = Debug|ARM
		{46574935-C9AE-45A1-AB27-5FE57D3EAE1A}.Debug|ARM.Deploy.0 = Debug|ARM
		{46574935-C9AE-45A1-AB27-5FE57D3EAE1A}.Debug|iPhone.ActiveCfg = Debug|x86
		{46574935-C9AE-45A1-AB27-5FE57D3EAE1A}.Debug|iPhone.Build.0 = Debug|x86
		{46574935-C9AE-45A1-AB27-5FE57D3EAE1A}.Debug|iPhone.Deploy.0 = Debug|x86
		{46574935-C9AE-45A1-AB27-5FE57D3EAE1A}.Debug|iPhoneSimulator.ActiveCfg = Debug|x86
		{46574935-C9AE-45A1-AB27-5FE57D3EAE1A}.Debug|iPhoneSimulator.Build.0 = Debug|x86
		{46574935-C9AE-45A1-AB27-5FE57D3EAE1A}.Debug|iPhoneSimulator.Deploy.0 = Debug|x86
		{46574935-C9AE-45A1-AB27-5FE57D3EAE1A}.Debug|x64.ActiveCfg = Debug|x64
		{46574935-C9AE-45A1-AB27-5FE57D3EAE1A}.Debug|x64.Build.0 = Debug|x64
		{46574935-C9AE-45A1-AB27-5FE57D3EAE1A}.Debug|x64.Deploy.0 = Debug|x64
		{46574935-C9AE-45A1-AB27-5FE57D3EAE1A}.Debug|x86.ActiveCfg = Debug|x86
		{46574935-C9AE-45A1-AB27-5FE57D3EAE1A}.Debug|x86.Build.0 = Debug|x86
		{46574935-C9AE-45A1-AB27-5FE57D3EAE1A}.Debug|x86.Deploy.0 = Debug|x86
		{46574935-C9AE-45A1-AB27-5FE57D3EAE1A}.Release|Any CPU.ActiveCfg = Release|x86
		{46574935-C9AE-45A1-AB27-5FE57D3EAE1A}.Release|Any CPU.Build.0 = Release|x86
		{46574935-C9AE-45A1-AB27-5FE57D3EAE1A}.Release|Any CPU.Deploy.0 = Release|x86
		{46574935-C9AE-45A1-AB27-5FE57D3EAE1A}.Release|ARM.ActiveCfg = Release|ARM
		{46574935-C9AE-45A1-AB27-5FE57D3EAE1A}.Release|ARM.Build.0 = Release|ARM
		{46574935-C9AE-45A1-AB27-5FE57D3EAE1A}.Release|ARM.Deploy.0 = Release|ARM
		{46574935-C9AE-45A1-AB27-5FE57D3EAE1A}.Release|iPhone.ActiveCfg = Release|x86
		{46574935-C9AE-45A1-AB27-5FE57D3EAE1A}.Release|iPhone.Build.0 = Release|x86
		{46574935-C9AE-45A1-AB27-5FE57D3EAE1A}.Release|iPhone.Deploy.0 = Release|x86
		{46574935-C9AE-45A1-AB27-5FE57D3EAE1A}.Release|iPhoneSimulator.ActiveCfg = Release|x86
		{46574935-C9AE-45A1-AB27-5FE57D3EAE1A}.Release|iPhoneSimulator.Build.0 = Release|x86
		{46574935-C9AE-45A1-AB27-5FE57D3EAE1A}.Release|iPhoneSimulator.Deploy.0 = Release|x86
		{46574935-C9AE-45A1-AB27-5FE57D3EAE1A}.Release|x64.ActiveCfg = Release|x64
		{46574935-C9AE-45A1-AB27-5FE57D3EAE1A}.Release|x64.Build.0 = Release|x64
		{46574935-C9AE-45A1-AB27-5FE57D3EAE1A}.Release|x64.Deploy.0 = Release|x64
		{46574935-C9AE-45A1-AB27-5FE57D3EAE1A}.Release|x86.ActiveCfg = Release|x86
		{46574935-C9AE-45A1-AB27-5FE57D3EAE1A}.Release|x86.Build.0 = Release|x86
		{46574935-C9AE-45A1-AB27-5FE57D3EAE1A}.Release|x86.Deploy.0 = Release|x86
		{FA4998C2-E7C8-4EA1-A625-B0C65EFB2524}.Ad-Hoc|Any CPU.ActiveCfg = Debug|Any CPU
		{FA4998C2-E7C8-4EA1-A625-B0C65EFB2524}.Ad-Hoc|Any CPU.Build.0 = Debug|Any CPU
		{FA4998C2-E7C8-4EA1-A625-B0C65EFB2524}.Ad-Hoc|Any CPU.Deploy.0 = Debug|Any CPU
		{FA4998C2-E7C8-4EA1-A625-B0C65EFB2524}.Ad-Hoc|ARM.ActiveCfg = Debug|Any CPU
		{FA4998C2-E7C8-4EA1-A625-B0C65EFB2524}.Ad-Hoc|ARM.Build.0 = Debug|Any CPU
		{FA4998C2-E7C8-4EA1-A625-B0C65EFB2524}.Ad-Hoc|ARM.Deploy.0 = Debug|Any CPU
		{FA4998C2-E7C8-4EA1-A625-B0C65EFB2524}.Ad-Hoc|iPhone.ActiveCfg = Debug|Any CPU
		{FA4998C2-E7C8-4EA1-A625-B0C65EFB2524}.Ad-Hoc|iPhone.Build.0 = Debug|Any CPU
		{FA4998C2-E7C8-4EA1-A625-B0C65EFB2524}.Ad-Hoc|iPhone.Deploy.0 = Debug|Any CPU
		{FA4998C2-E7C8-4EA1-A625-B0C65EFB2524}.Ad-Hoc|iPhoneSimulator.ActiveCfg = Debug|Any CPU
		{FA4998C2-E7C8-4EA1-A625-B0C65EFB2524}.Ad-Hoc|iPhoneSimulator.Build.0 = Debug|Any CPU
		{FA4998C2-E7C8-4EA1-A625-B0C65EFB2524}.Ad-Hoc|iPhoneSimulator.Deploy.0 = Debug|Any CPU
		{FA4998C2-E7C8-4EA1-A625-B0C65EFB2524}.Ad-Hoc|x64.ActiveCfg = Debug|Any CPU
		{FA4998C2-E7C8-4EA1-A625-B0C65EFB2524}.Ad-Hoc|x64.Build.0 = Debug|Any CPU
		{FA4998C2-E7C8-4EA1-A625-B0C65EFB2524}.Ad-Hoc|x64.Deploy.0 = Debug|Any CPU
		{FA4998C2-E7C8-4EA1-A625-B0C65EFB2524}.Ad-Hoc|x86.ActiveCfg = Debug|Any CPU
		{FA4998C2-E7C8-4EA1-A625-B0C65EFB2524}.Ad-Hoc|x86.Build.0 = Debug|Any CPU
		{FA4998C2-E7C8-4EA1-A625-B0C65EFB2524}.Ad-Hoc|x86.Deploy.0 = Debug|Any CPU
		{FA4998C2-E7C8-4EA1-A625-B0C65EFB2524}.AppStore|Any CPU.ActiveCfg = Debug|Any CPU
		{FA4998C2-E7C8-4EA1-A625-B0C65EFB2524}.AppStore|Any CPU.Build.0 = Debug|Any CPU
		{FA4998C2-E7C8-4EA1-A625-B0C65EFB2524}.AppStore|Any CPU.Deploy.0 = Debug|Any CPU
		{FA4998C2-E7C8-4EA1-A625-B0C65EFB2524}.AppStore|ARM.ActiveCfg = Debug|Any CPU
		{FA4998C2-E7C8-4EA1-A625-B0C65EFB2524}.AppStore|ARM.Build.0 = Debug|Any CPU
		{FA4998C2-E7C8-4EA1-A625-B0C65EFB2524}.AppStore|ARM.Deploy.0 = Debug|Any CPU
		{FA4998C2-E7C8-4EA1-A625-B0C65EFB2524}.AppStore|iPhone.ActiveCfg = Debug|Any CPU
		{FA4998C2-E7C8-4EA1-A625-B0C65EFB2524}.AppStore|iPhone.Build.0 = Debug|Any CPU
		{FA4998C2-E7C8-4EA1-A625-B0C65EFB2524}.AppStore|iPhone.Deploy.0 = Debug|Any CPU
		{FA4998C2-E7C8-4EA1-A625-B0C65EFB2524}.AppStore|iPhoneSimulator.ActiveCfg = Debug|Any CPU
		{FA4998C2-E7C8-4EA1-A625-B0C65EFB2524}.AppStore|iPhoneSimulator.Build.0 = Debug|Any CPU
		{FA4998C2-E7C8-4EA1-A625-B0C65EFB2524}.AppStore|iPhoneSimulator.Deploy.0 = Debug|Any CPU
		{FA4998C2-E7C8-4EA1-A625-B0C65EFB2524}.AppStore|x64.ActiveCfg = Debug|Any CPU
		{FA4998C2-E7C8-4EA1-A625-B0C65EFB2524}.AppStore|x64.Build.0 = Debug|Any CPU
		{FA4998C2-E7C8-4EA1-A625-B0C65EFB2524}.AppStore|x64.Deploy.0 = Debug|Any CPU
		{FA4998C2-E7C8-4EA1-A625-B0C65EFB2524}.AppStore|x86.ActiveCfg = Debug|Any CPU
		{FA4998C2-E7C8-4EA1-A625-B0C65EFB2524}.AppStore|x86.Build.0 = Debug|Any CPU
		{FA4998C2-E7C8-4EA1-A625-B0C65EFB2524}.AppStore|x86.Deploy.0 = Debug|Any CPU
		{FA4998C2-E7C8-4EA1-A625-B0C65EFB2524}.Debug|Any CPU.ActiveCfg = Debug|Any CPU
		{FA4998C2-E7C8-4EA1-A625-B0C65EFB2524}.Debug|Any CPU.Build.0 = Debug|Any CPU
		{FA4998C2-E7C8-4EA1-A625-B0C65EFB2524}.Debug|Any CPU.Deploy.0 = Debug|Any CPU
		{FA4998C2-E7C8-4EA1-A625-B0C65EFB2524}.Debug|ARM.ActiveCfg = Debug|Any CPU
		{FA4998C2-E7C8-4EA1-A625-B0C65EFB2524}.Debug|ARM.Build.0 = Debug|Any CPU
		{FA4998C2-E7C8-4EA1-A625-B0C65EFB2524}.Debug|ARM.Deploy.0 = Debug|Any CPU
		{FA4998C2-E7C8-4EA1-A625-B0C65EFB2524}.Debug|iPhone.ActiveCfg = Debug|Any CPU
		{FA4998C2-E7C8-4EA1-A625-B0C65EFB2524}.Debug|iPhone.Build.0 = Debug|Any CPU
		{FA4998C2-E7C8-4EA1-A625-B0C65EFB2524}.Debug|iPhone.Deploy.0 = Debug|Any CPU
		{FA4998C2-E7C8-4EA1-A625-B0C65EFB2524}.Debug|iPhoneSimulator.ActiveCfg = Debug|Any CPU
		{FA4998C2-E7C8-4EA1-A625-B0C65EFB2524}.Debug|iPhoneSimulator.Build.0 = Debug|Any CPU
		{FA4998C2-E7C8-4EA1-A625-B0C65EFB2524}.Debug|iPhoneSimulator.Deploy.0 = Debug|Any CPU
		{FA4998C2-E7C8-4EA1-A625-B0C65EFB2524}.Debug|x64.ActiveCfg = Debug|Any CPU
		{FA4998C2-E7C8-4EA1-A625-B0C65EFB2524}.Debug|x64.Build.0 = Debug|Any CPU
		{FA4998C2-E7C8-4EA1-A625-B0C65EFB2524}.Debug|x64.Deploy.0 = Debug|Any CPU
		{FA4998C2-E7C8-4EA1-A625-B0C65EFB2524}.Debug|x86.ActiveCfg = Debug|Any CPU
		{FA4998C2-E7C8-4EA1-A625-B0C65EFB2524}.Debug|x86.Build.0 = Debug|Any CPU
		{FA4998C2-E7C8-4EA1-A625-B0C65EFB2524}.Debug|x86.Deploy.0 = Debug|Any CPU
		{FA4998C2-E7C8-4EA1-A625-B0C65EFB2524}.Release|Any CPU.ActiveCfg = Release|Any CPU
		{FA4998C2-E7C8-4EA1-A625-B0C65EFB2524}.Release|Any CPU.Build.0 = Release|Any CPU
		{FA4998C2-E7C8-4EA1-A625-B0C65EFB2524}.Release|Any CPU.Deploy.0 = Release|Any CPU
		{FA4998C2-E7C8-4EA1-A625-B0C65EFB2524}.Release|ARM.ActiveCfg = Release|Any CPU
		{FA4998C2-E7C8-4EA1-A625-B0C65EFB2524}.Release|ARM.Build.0 = Release|Any CPU
		{FA4998C2-E7C8-4EA1-A625-B0C65EFB2524}.Release|ARM.Deploy.0 = Release|Any CPU
		{FA4998C2-E7C8-4EA1-A625-B0C65EFB2524}.Release|iPhone.ActiveCfg = Release|Any CPU
		{FA4998C2-E7C8-4EA1-A625-B0C65EFB2524}.Release|iPhone.Build.0 = Release|Any CPU
		{FA4998C2-E7C8-4EA1-A625-B0C65EFB2524}.Release|iPhone.Deploy.0 = Release|Any CPU
		{FA4998C2-E7C8-4EA1-A625-B0C65EFB2524}.Release|iPhoneSimulator.ActiveCfg = Release|Any CPU
		{FA4998C2-E7C8-4EA1-A625-B0C65EFB2524}.Release|iPhoneSimulator.Build.0 = Release|Any CPU
		{FA4998C2-E7C8-4EA1-A625-B0C65EFB2524}.Release|iPhoneSimulator.Deploy.0 = Release|Any CPU
		{FA4998C2-E7C8-4EA1-A625-B0C65EFB2524}.Release|x64.ActiveCfg = Release|Any CPU
		{FA4998C2-E7C8-4EA1-A625-B0C65EFB2524}.Release|x64.Build.0 = Release|Any CPU
		{FA4998C2-E7C8-4EA1-A625-B0C65EFB2524}.Release|x64.Deploy.0 = Release|Any CPU
		{FA4998C2-E7C8-4EA1-A625-B0C65EFB2524}.Release|x86.ActiveCfg = Release|Any CPU
		{FA4998C2-E7C8-4EA1-A625-B0C65EFB2524}.Release|x86.Build.0 = Release|Any CPU
		{FA4998C2-E7C8-4EA1-A625-B0C65EFB2524}.Release|x86.Deploy.0 = Release|Any CPU
	EndGlobalSection
	GlobalSection(SolutionProperties) = preSolution
		HideSolutionNode = FALSE
	EndGlobalSection
	GlobalSection(ExtensibilityGlobals) = postSolution
		SolutionGuid = {A64B1DF8-42AA-4D8B-AEBE-B4E1D489D708}
	EndGlobalSection
EndGlobal
